
Microsoft Visual Studio Solution File, Format Version 12.00
# Visual Studio Version 17
VisualStudioVersion = 17.14.36301.6 d17.14
MinimumVisualStudioVersion = 10.0.40219.1
Project("{FAE04EC0-301F-11D3-BF4B-00C04F79EFBC}") = "Ceil", "Ceil.csproj", "{28880F9E-7734-8516-E93C-75CEF6488099}"
EndProject
Global
	GlobalSection(SolutionConfigurationPlatforms) = preSolution
		Debug|Any CPU = Debug|Any CPU
		Release|Any CPU = Release|Any CPU
	EndGlobalSection
	GlobalSection(ProjectConfigurationPlatforms) = postSolution
		{28880F9E-7734-8516-E93C-75CEF6488099}.Debug|Any CPU.ActiveCfg = Debug|Any CPU
		{28880F9E-7734-8516-E93C-75CEF6488099}.Debug|Any CPU.Build.0 = Debug|Any CPU
		{28880F9E-7734-8516-E93C-75CEF6488099}.Release|Any CPU.ActiveCfg = Release|Any CPU
		{28880F9E-7734-8516-E93C-75CEF6488099}.Release|Any CPU.Build.0 = Release|Any CPU
	EndGlobalSection
	GlobalSection(SolutionProperties) = preSolution
		HideSolutionNode = FALSE
	EndGlobalSection
	GlobalSection(ExtensibilityGlobals) = postSolution
		SolutionGuid = {C3023A12-AA41-40DD-9E82-F46536CE83C3}
	EndGlobalSection
EndGlobal
